// !$*UTF8*$!
{
	archiveVersion = 1;
	classes = {
	};
	objectVersion = 46;
	objects = {

/* Begin PBXBuildFile section */
		CE3752BF1E27D6900008B6CF /* AppDelegate.swift in Sources */ = {isa = PBXBuildFile; fileRef = CE3752BE1E27D6900008B6CF /* AppDelegate.swift */; };
		CE3752C11E27D6900008B6CF /* ViewController.swift in Sources */ = {isa = PBXBuildFile; fileRef = CE3752C01E27D6900008B6CF /* ViewController.swift */; };
		CE3752C41E27D6900008B6CF /* Main.storyboard in Resources */ = {isa = PBXBuildFile; fileRef = CE3752C21E27D6900008B6CF /* Main.storyboard */; };
		CE3752C61E27D6900008B6CF /* Assets.xcassets in Resources */ = {isa = PBXBuildFile; fileRef = CE3752C51E27D6900008B6CF /* Assets.xcassets */; };
		CE3752C91E27D6900008B6CF /* LaunchScreen.storyboard in Resources */ = {isa = PBXBuildFile; fileRef = CE3752C71E27D6900008B6CF /* LaunchScreen.storyboard */; };
/* End PBXBuildFile section */

/* Begin PBXFileReference section */
		CE3752BB1E27D6900008B6CF /* cfpApp.app */ = {isa = PBXFileReference; explicitFileType = wrapper.application; includeInIndex = 0; path = cfpApp.app; sourceTree = BUILT_PRODUCTS_DIR; };
		CE3752BE1E27D6900008B6CF /* AppDelegate.swift */ = {isa = PBXFileReference; lastKnownFileType = sourcecode.swift; path = AppDelegate.swift; sourceTree = "<group>"; };
		CE3752C01E27D6900008B6CF /* ViewController.swift */ = {isa = PBXFileReference; lastKnownFileType = sourcecode.swift; path = ViewController.swift; sourceTree = "<group>"; };
		CE3752C31E27D6900008B6CF /* Base */ = {isa = PBXFileReference; lastKnownFileType = file.storyboard; name = Base; path = Base.lproj/Main.storyboard; sourceTree = "<group>"; };
		CE3752C51E27D6900008B6CF /* Assets.xcassets */ = {isa = PBXFileReference; lastKnownFileType = folder.assetcatalog; path = Assets.xcassets; sourceTree = "<group>"; };
		CE3752C81E27D6900008B6CF /* Base */ = {isa = PBXFileReference; lastKnownFileType = file.storyboard; name = Base; path = Base.lproj/LaunchScreen.storyboard; sourceTree = "<group>"; };
		CE3752CA1E27D6900008B6CF /* Info.plist */ = {isa = PBXFileReference; lastKnownFileType = text.plist.xml; path = Info.plist; sourceTree = "<group>"; };
/* End PBXFileReference section */

/* Begin PBXFrameworksBuildPhase section */
		CE3752B81E27D6900008B6CF /* Frameworks */ = {
			isa = PBXFrameworksBuildPhase;
			buildActionMask = 2147483647;
			files = (
			);
			runOnlyForDeploymentPostprocessing = 0;
		};
/* End PBXFrameworksBuildPhase section */

/* Begin PBXGroup section */
		CE3752B21E27D6900008B6CF = {
			isa = PBXGroup;
			children = (
				CE3752BD1E27D6900008B6CF /* cfpApp */,
				CE3752BC1E27D6900008B6CF /* Products */,
			);
			sourceTree = "<group>";
		};
		CE3752BC1E27D6900008B6CF /* Products */ = {
			isa = PBXGroup;
			children = (
				CE3752BB1E27D6900008B6CF /* cfpApp.app */,
			);
			name = Products;
			sourceTree = "<group>";
		};
		CE3752BD1E27D6900008B6CF /* cfpApp */ = {
			isa = PBXGroup;
			children = (
				CE3752BE1E27D6900008B6CF /* AppDelegate.swift */,
				CE3752C01E27D6900008B6CF /* ViewController.swift */,
				CE3752C21E27D6900008B6CF /* Main.storyboard */,
				CE3752C51E27D6900008B6CF /* Assets.xcassets */,
				CE3752C71E27D6900008B6CF /* LaunchScreen.storyboard */,
				CE3752CA1E27D6900008B6CF /* Info.plist */,
			);
			path = cfpApp;
			sourceTree = "<group>";
		};
/* End PBXGroup section */

/* Begin PBXNativeTarget section */
		CE3752BA1E27D6900008B6CF /* cfpApp */ = {
			isa = PBXNativeTarget;
			buildConfigurationList = CE3752CD1E27D6900008B6CF /* Build configuration list for PBXNativeTarget "cfpApp" */;
			buildPhases = (
				CE3752B71E27D6900008B6CF /* Sources */,
				CE3752B81E27D6900008B6CF /* Frameworks */,
				CE3752B91E27D6900008B6CF /* Resources */,
			);
			buildRules = (
			);
			dependencies = (
			);
			name = cfpApp;
			productName = cfpApp;
			productReference = CE3752BB1E27D6900008B6CF /* cfpApp.app */;
			productType = "com.apple.product-type.application";
		};
/* End PBXNativeTarget section */

/* Begin PBXProject section */
		CE3752B31E27D6900008B6CF /* Project object */ = {
			isa = PBXProject;
			attributes = {
				LastSwiftUpdateCheck = 0810;
				LastUpgradeCheck = 0810;
				ORGANIZATIONNAME = Hacuchis;
				TargetAttributes = {
					CE3752BA1E27D6900008B6CF = {
						CreatedOnToolsVersion = 8.1;
						DevelopmentTeam = 9NXU2JVB26;
						ProvisioningStyle = Automatic;
					};
				};
			};
			buildConfigurationList = CE3752B61E27D6900008B6CF /* Build configuration list for PBXProject "cfpApp" */;
			compatibilityVersion = "Xcode 3.2";
			developmentRegion = English;
			hasScannedForEncodings = 0;
			knownRegions = (
				en,
				Base,
			);
			mainGroup = CE3752B21E27D6900008B6CF;
			productRefGroup = CE3752BC1E27D6900008B6CF /* Products */;
			projectDirPath = "";
			projectRoot = "";
			targets = (
				CE3752BA1E27D6900008B6CF /* cfpApp */,
			);
		};
/* End PBXProject section */

/* Begin PBXResourcesBuildPhase section */
		CE3752B91E27D6900008B6CF /* Resources */ = {
			isa = PBXResourcesBuildPhase;
			buildActionMask = 2147483647;
			files = (
				CE3752C91E27D6900008B6CF /* LaunchScreen.storyboard in Resources */,
				CE3752C61E27D6900008B6CF /* Assets.xcassets in Resources */,
				CE3752C41E27D6900008B6CF /* Main.storyboard in Resources */,
			);
			runOnlyForDeploymentPostprocessing = 0;
		};
/* End PBXResourcesBuildPhase section */

/* Begin PBXSourcesBuildPhase section */
		CE3752B71E27D6900008B6CF /* Sources */ = {
			isa = PBXSourcesBuildPhase;
			buildActionMask = 2147483647;
			files = (
				CE3752C11E27D6900008B6CF /* ViewController.swift in Sources */,
				CE3752BF1E27D6900008B6CF /* AppDelegate.swift in Sources */,
			);
			runOnlyForDeploymentPostprocessing = 0;
		};
/* End PBXSourcesBuildPhase section */

/* Begin PBXVariantGroup section */
		CE3752C21E27D6900008B6CF /* Main.storyboard */ = {
			isa = PBXVariantGroup;
			children = (
				CE3752C31E27D6900008B6CF /* Base */,
			);
			name = Main.storyboard;
			sourceTree = "<group>";
		};
		CE3752C71E27D6900008B6CF /* LaunchScreen.storyboard */ = {
			isa = PBXVariantGroup;
			children = (
				CE3752C81E27D6900008B6CF /* Base */,
			);
			name = LaunchScreen.storyboard;
			sourceTree = "<group>";
		};
/* End PBXVariantGroup section */

/* Begin XCBuildConfiguration section */
		CE3752CB1E27D6900008B6CF /* Debug */ = {
			isa = XCBuildConfiguration;
			buildSettings = {
				ALWAYS_SEARCH_USER_PATHS = NO;
				CLANG_ANALYZER_NONNULL = YES;
				CLANG_CXX_LANGUAGE_STANDARD = "gnu++0x";
				CLANG_CXX_LIBRARY = "libc++";
				CLANG_ENABLE_MODULES = YES;
				CLANG_ENABLE_OBJC_ARC = YES;
				CLANG_WARN_BOOL_CONVERSION = YES;
				CLANG_WARN_CONSTANT_CONVERSION = YES;
				CLANG_WARN_DIRECT_OBJC_ISA_USAGE = YES_ERROR;
				CLANG_WARN_DOCUMENTATION_COMMENTS = YES;
				CLANG_WARN_EMPTY_BODY = YES;
				CLANG_WARN_ENUM_CONVERSION = YES;
				CLANG_WARN_INFINITE_RECURSION = YES;
				CLANG_WARN_INT_CONVERSION = YES;
				CLANG_WARN_OBJC_ROOT_CLASS = YES_ERROR;
				CLANG_WARN_SUSPICIOUS_MOVES = YES;
				CLANG_WARN_UNREACHABLE_CODE = YES;
				CLANG_WARN__DUPLICATE_METHOD_MATCH = YES;
				"CODE_SIGN_IDENTITY[sdk=iphoneos*]" = "iPhone Developer";
				COPY_PHASE_STRIP = NO;
				DEBUG_INFORMATION_FORMAT = dwarf;
				ENABLE_STRICT_OBJC_MSGSEND = YES;
				ENABLE_TESTABILITY = YES;
				GCC_C_LANGUAGE_STANDARD = gnu99;
				GCC_DYNAMIC_NO_PIC = NO;
				GCC_NO_COMMON_BLOCKS = YES;
				GCC_OPTIMIZATION_LEVEL = 0;
				GCC_PREPROCESSOR_DEFINITIONS = (
					"DEBUG=1",
					"$(inherited)",
				);
				GCC_WARN_64_TO_32_BIT_CONVERSION = YES;
				GCC_WARN_ABOUT_RETURN_TYPE = YES_ERROR;
				GCC_WARN_UNDECLARED_SELECTOR = YES;
				GCC_WARN_UNINITIALIZED_AUTOS = YES_AGGRESSIVE;
				GCC_WARN_UNUSED_FUNCTION = YES;
				GCC_WARN_UNUSED_VARIABLE = YES;
				IPHONEOS_DEPLOYMENT_TARGET = 10.1;
				MTL_ENABLE_DEBUG_INFO = YES;
				ONLY_ACTIVE_ARCH = YES;
				SDKROOT = iphoneos;
				SWIFT_ACTIVE_COMPILATION_CONDITIONS = DEBUG;
				SWIFT_OPTIMIZATION_LEVEL = "-Onone";
			};
			name = Debug;
		};
		CE3752CC1E27D6900008B6CF /* Release */ = {
			isa = XCBuildConfiguration;
			buildSettings = {
				ALWAYS_SEARCH_USER_PATHS = NO;
				CLANG_ANALYZER_NONNULL = YES;
				CLANG_CXX_LANGUAGE_STANDARD = "gnu++0x";
				CLANG_CXX_LIBRARY = "libc++";
				CLANG_ENABLE_MODULES = YES;
				CLANG_ENABLE_OBJC_ARC = YES;
				CLANG_WARN_BOOL_CONVERSION = YES;
				CLANG_WARN_CONSTANT_CONVERSION = YES;
				CLANG_WARN_DIRECT_OBJC_ISA_USAGE = YES_ERROR;
				CLANG_WARN_DOCUMENTATION_COMMENTS = YES;
				CLANG_WARN_EMPTY_BODY = YES;
				CLANG_WARN_ENUM_CONVERSION = YES;
				CLANG_WARN_INFINITE_RECURSION = YES;
				CLANG_WARN_INT_CONVERSION = YES;
				CLANG_WARN_OBJC_ROOT_CLASS = YES_ERROR;
				CLANG_WARN_SUSPICIOUS_MOVES = YES;
				CLANG_WARN_UNREACHABLE_CODE = YES;
				CLANG_WARN__DUPLICATE_METHOD_MATCH = YES;
				"CODE_SIGN_IDENTITY[sdk=iphoneos*]" = "iPhone Developer";
				COPY_PHASE_STRIP = NO;
				DEBUG_INFORMATION_FORMAT = "dwarf-with-dsym";
				ENABLE_NS_ASSERTIONS = NO;
				ENABLE_STRICT_OBJC_MSGSEND = YES;
				GCC_C_LANGUAGE_STANDARD = gnu99;
				GCC_NO_COMMON_BLOCKS = YES;
				GCC_WARN_64_TO_32_BIT_CONVERSION = YES;
				GCC_WARN_ABOUT_RETURN_TYPE = YES_ERROR;
				GCC_WARN_UNDECLARED_SELECTOR = YES;
				GCC_WARN_UNINITIALIZED_AUTOS = YES_AGGRESSIVE;
				GCC_WARN_UNUSED_FUNCTION = YES;
				GCC_WARN_UNUSED_VARIABLE = YES;
				IPHONEOS_DEPLOYMENT_TARGET = 10.1;
				MTL_ENABLE_DEBUG_INFO = NO;
				SDKROOT = iphoneos;
				SWIFT_OPTIMIZATION_LEVEL = "-Owholemodule";
				VALIDATE_PRODUCT = YES;
			};
			name = Release;
		};
		CE3752CE1E27D6900008B6CF /* Debug */ = {
			isa = XCBuildConfiguration;
			buildSettings = {
				ASSETCATALOG_COMPILER_APPICON_NAME = AppIcon;
				DEVELOPMENT_TEAM = 9NXU2JVB26;
				INFOPLIST_FILE = cfpApp/Info.plist;
				LD_RUNPATH_SEARCH_PATHS = "$(inherited) @executable_path/Frameworks";
				PRODUCT_BUNDLE_IDENTIFIER = io.github.hacuchis.cfpApp;
				PRODUCT_NAME = "$(TARGET_NAME)";
				SWIFT_VERSION = 3.0;
			};
			name = Debug;
		};
		CE3752CF1E27D6900008B6CF /* Release */ = {
			isa = XCBuildConfiguration;
			buildSettings = {
				ASSETCATALOG_COMPILER_APPICON_NAME = AppIcon;
				DEVELOPMENT_TEAM = 9NXU2JVB26;
				INFOPLIST_FILE = cfpApp/Info.plist;
				LD_RUNPATH_SEARCH_PATHS = "$(inherited) @executable_path/Frameworks";
				PRODUCT_BUNDLE_IDENTIFIER = io.github.hacuchis.cfpApp;
				PRODUCT_NAME = "$(TARGET_NAME)";
				SWIFT_VERSION = 3.0;
			};
			name = Release;
		};
/* End XCBuildConfiguration section */

/* Begin XCConfigurationList section */
		CE3752B61E27D6900008B6CF /* Build configuration list for PBXProject "cfpApp" */ = {
			isa = XCConfigurationList;
			buildConfigurations = (
				CE3752CB1E27D6900008B6CF /* Debug */,
				CE3752CC1E27D6900008B6CF /* Release */,
			);
			defaultConfigurationIsVisible = 0;
			defaultConfigurationName = Release;
		};
		CE3752CD1E27D6900008B6CF /* Build configuration list for PBXNativeTarget "cfpApp" */ = {
			isa = XCConfigurationList;
			buildConfigurations = (
				CE3752CE1E27D6900008B6CF /* Debug */,
				CE3752CF1E27D6900008B6CF /* Release */,
			);
			defaultConfigurationIsVisible = 0;
		};
/* End XCConfigurationList section */
	};
	rootObject = CE3752B31E27D6900008B6CF /* Project object */;
}
